
Microsoft Visual Studio Solution File, Format Version 12.00
# Visual Studio Version 17
VisualStudioVersion = 17.5.33530.505
MinimumVisualStudioVersion = 10.0.40219.1
Project("{9A19103F-16F7-4668-BE54-9A1E7A4F7556}") = "Fiorello.Api", "Fiorello.Api\Fiorello.Api.csproj", "{7679A181-1C2E-4301-A33E-8E39B546FBB7}"
EndProject
Project("{9A19103F-16F7-4668-BE54-9A1E7A4F7556}") = "Fiorello.Core", "Fiorello.Core\Fiorello.Core.csproj", "{45132772-1F27-46EB-814A-D105F6D21D46}"
EndProject
Project("{9A19103F-16F7-4668-BE54-9A1E7A4F7556}") = "Fiorello.Data", "Fiorello.Data\Fiorello.Data.csproj", "{A9CBA782-9949-4AC5-9344-6C57AC746E89}"
EndProject
Project("{9A19103F-16F7-4668-BE54-9A1E7A4F7556}") = "Fiorello.Services", "Fiorello.Services\Fiorello.Services.csproj", "{4A249B40-4A11-4873-8BA0-3DC8533FC363}"
EndProject
Project("{FAE04EC0-301F-11D3-BF4B-00C04F79EFBC}") = "Fiorello.UI", "Fiorello.UI\Fiorello.UI.csproj", "{F2D9A2B2-90D8-438E-A778-FA39B7F43D36}"
EndProject
Global
	GlobalSection(SolutionConfigurationPlatforms) = preSolution
		Debug|Any CPU = Debug|Any CPU
		Release|Any CPU = Release|Any CPU
	EndGlobalSection
	GlobalSection(ProjectConfigurationPlatforms) = postSolution
		{7679A181-1C2E-4301-A33E-8E39B546FBB7}.Debug|Any CPU.ActiveCfg = Debug|Any CPU
		{7679A181-1C2E-4301-A33E-8E39B546FBB7}.Debug|Any CPU.Build.0 = Debug|Any CPU
		{7679A181-1C2E-4301-A33E-8E39B546FBB7}.Release|Any CPU.ActiveCfg = Release|Any CPU
		{7679A181-1C2E-4301-A33E-8E39B546FBB7}.Release|Any CPU.Build.0 = Release|Any CPU
		{45132772-1F27-46EB-814A-D105F6D21D46}.Debug|Any CPU.ActiveCfg = Debug|Any CPU
		{45132772-1F27-46EB-814A-D105F6D21D46}.Debug|Any CPU.Build.0 = Debug|Any CPU
		{45132772-1F27-46EB-814A-D105F6D21D46}.Release|Any CPU.ActiveCfg = Release|Any CPU
		{45132772-1F27-46EB-814A-D105F6D21D46}.Release|Any CPU.Build.0 = Release|Any CPU
		{A9CBA782-9949-4AC5-9344-6C57AC746E89}.Debug|Any CPU.ActiveCfg = Debug|Any CPU
		{A9CBA782-9949-4AC5-9344-6C57AC746E89}.Debug|Any CPU.Build.0 = Debug|Any CPU
		{A9CBA782-9949-4AC5-9344-6C57AC746E89}.Release|Any CPU.ActiveCfg = Release|Any CPU
		{A9CBA782-9949-4AC5-9344-6C57AC746E89}.Release|Any CPU.Build.0 = Release|Any CPU
		{4A249B40-4A11-4873-8BA0-3DC8533FC363}.Debug|Any CPU.ActiveCfg = Debug|Any CPU
		{4A249B40-4A11-4873-8BA0-3DC8533FC363}.Debug|Any CPU.Build.0 = Debug|Any CPU
		{4A249B40-4A11-4873-8BA0-3DC8533FC363}.Release|Any CPU.ActiveCfg = Release|Any CPU
		{4A249B40-4A11-4873-8BA0-3DC8533FC363}.Release|Any CPU.Build.0 = Release|Any CPU
		{F2D9A2B2-90D8-438E-A778-FA39B7F43D36}.Debug|Any CPU.ActiveCfg = Debug|Any CPU
		{F2D9A2B2-90D8-438E-A778-FA39B7F43D36}.Debug|Any CPU.Build.0 = Debug|Any CPU
		{F2D9A2B2-90D8-438E-A778-FA39B7F43D36}.Release|Any CPU.ActiveCfg = Release|Any CPU
		{F2D9A2B2-90D8-438E-A778-FA39B7F43D36}.Release|Any CPU.Build.0 = Release|Any CPU
	EndGlobalSection
	GlobalSection(SolutionProperties) = preSolution
		HideSolutionNode = FALSE
	EndGlobalSection
	GlobalSection(ExtensibilityGlobals) = postSolution
		SolutionGuid = {4CF9A800-8160-49FE-B773-2242388E2BB8}
	EndGlobalSection
EndGlobal
